{
  "name": "oba-wrapper",
  "version": "1.0.0",
  "lockfileVersion": 1,
  "requires": true,
  "dependencies": {
    "promisestream": {
      "version": "github:maanlamp/promisestream#43b278d663770f37cb883da10b4cd52109725a18",
      "from": "github:maanlamp/promisestream"
    },
    "smartfetch": {
      "version": "github:maanlamp/smartfetch#7a902fafb5b4956130d2de448a6685a6eb8b098b",
      "from": "github:maanlamp/smartfetch"
    }
  }
}
